
Microsoft Visual Studio Solution File, Format Version 12.00
# Visual Studio Version 17
VisualStudioVersion = 17.0.32126.317
MinimumVisualStudioVersion = 10.0.40219.1
Project("{FAE04EC0-301F-11D3-BF4B-00C04F79EFBC}") = "Personel_Kayit", "Personel_Kayit\Personel_Kayit.csproj", "{74B8F34B-69BC-4B66-9FBD-A3173768762E}"
EndProject
Global
	GlobalSection(SolutionConfigurationPlatforms) = preSolution
		Debug|Any CPU = Debug|Any CPU
		Release|Any CPU = Release|Any CPU
	EndGlobalSection
	GlobalSection(ProjectConfigurationPlatforms) = postSolution
		{74B8F34B-69BC-4B66-9FBD-A3173768762E}.Debug|Any CPU.ActiveCfg = Debug|Any CPU
		{74B8F34B-69BC-4B66-9FBD-A3173768762E}.Debug|Any CPU.Build.0 = Debug|Any CPU
		{74B8F34B-69BC-4B66-9FBD-A3173768762E}.Release|Any CPU.ActiveCfg = Release|Any CPU
		{74B8F34B-69BC-4B66-9FBD-A3173768762E}.Release|Any CPU.Build.0 = Release|Any CPU
	EndGlobalSection
	GlobalSection(SolutionProperties) = preSolution
		HideSolutionNode = FALSE
	EndGlobalSection
	GlobalSection(ExtensibilityGlobals) = postSolution
		SolutionGuid = {43511C51-6701-4091-BBD3-4F5C6653D54C}
	EndGlobalSection
EndGlobal
